Microsoft Visual Studio Solution File, Format Version 12.00
# Visual Studio Version 17
VisualStudioVersion = 17.5.2.0
MinimumVisualStudioVersion = 10.0.40219.1
Project("{FAE04EC0-301F-11D3-BF4B-00C04F79EFBC}") = "CatalogoVehiculos", "CatalogoVehiculos.csproj", "{F30AB407-4259-9641-617D-B99E6C2CE93C}"
EndProject
Global
	GlobalSection(SolutionConfigurationPlatforms) = preSolution
		Debug|Any CPU = Debug|Any CPU
		Release|Any CPU = Release|Any CPU
	EndGlobalSection
	GlobalSection(ProjectConfigurationPlatforms) = postSolution
		{F30AB407-4259-9641-617D-B99E6C2CE93C}.Debug|Any CPU.ActiveCfg = Debug|Any CPU
		{F30AB407-4259-9641-617D-B99E6C2CE93C}.Debug|Any CPU.Build.0 = Debug|Any CPU
		{F30AB407-4259-9641-617D-B99E6C2CE93C}.Release|Any CPU.ActiveCfg = Release|Any CPU
		{F30AB407-4259-9641-617D-B99E6C2CE93C}.Release|Any CPU.Build.0 = Release|Any CPU
	EndGlobalSection
	GlobalSection(SolutionProperties) = preSolution
		HideSolutionNode = FALSE
	EndGlobalSection
	GlobalSection(ExtensibilityGlobals) = postSolution
		SolutionGuid = {C925A72C-6266-4646-A616-540CE8EDD95F}
	EndGlobalSection
EndGlobal
