Microsoft Visual Studio Solution File, Format Version 12.00
# Visual Studio Version 17
VisualStudioVersion = 17.5.2.0
MinimumVisualStudioVersion = 10.0.40219.1
Project("{FAE04EC0-301F-11D3-BF4B-00C04F79EFBC}") = "InterfazUsuario", "InterfazUsuario.csproj", "{2ABD196B-CE19-A80B-DD79-D007FCF8B124}"
EndProject
Global
	GlobalSection(SolutionConfigurationPlatforms) = preSolution
		Debug|Any CPU = Debug|Any CPU
		Release|Any CPU = Release|Any CPU
	EndGlobalSection
	GlobalSection(ProjectConfigurationPlatforms) = postSolution
		{2ABD196B-CE19-A80B-DD79-D007FCF8B124}.Debug|Any CPU.ActiveCfg = Debug|Any CPU
		{2ABD196B-CE19-A80B-DD79-D007FCF8B124}.Debug|Any CPU.Build.0 = Debug|Any CPU
		{2ABD196B-CE19-A80B-DD79-D007FCF8B124}.Release|Any CPU.ActiveCfg = Release|Any CPU
		{2ABD196B-CE19-A80B-DD79-D007FCF8B124}.Release|Any CPU.Build.0 = Release|Any CPU
	EndGlobalSection
	GlobalSection(SolutionProperties) = preSolution
		HideSolutionNode = FALSE
	EndGlobalSection
	GlobalSection(ExtensibilityGlobals) = postSolution
		SolutionGuid = {83310F81-424E-400F-9614-DB17A1BF1E5E}
	EndGlobalSection
EndGlobal
